
Microsoft Visual Studio Solution File, Format Version 12.00
# Visual Studio Version 17
VisualStudioVersion = 17.0.32002.185
MinimumVisualStudioVersion = 10.0.40219.1
Project("{FAE04EC0-301F-11D3-BF4B-00C04F79EFBC}") = "Api", "Api\Api.csproj", "{94837E47-37E1-4503-BB63-20ADBBE27957}"
EndProject
Global
	GlobalSection(SolutionConfigurationPlatforms) = preSolution
		Debug|Any CPU = Debug|Any CPU
		Release|Any CPU = Release|Any CPU
	EndGlobalSection
	GlobalSection(ProjectConfigurationPlatforms) = postSolution
		{94837E47-37E1-4503-BB63-20ADBBE27957}.Debug|Any CPU.ActiveCfg = Debug|Any CPU
		{94837E47-37E1-4503-BB63-20ADBBE27957}.Debug|Any CPU.Build.0 = Debug|Any CPU
		{94837E47-37E1-4503-BB63-20ADBBE27957}.Release|Any CPU.ActiveCfg = Release|Any CPU
		{94837E47-37E1-4503-BB63-20ADBBE27957}.Release|Any CPU.Build.0 = Release|Any CPU
	EndGlobalSection
	GlobalSection(SolutionProperties) = preSolution
		HideSolutionNode = FALSE
	EndGlobalSection
	GlobalSection(ExtensibilityGlobals) = postSolution
		SolutionGuid = {295D5CE1-1A1B-467C-A096-61262C1A71F2}
	EndGlobalSection
EndGlobal
